
Microsoft Visual Studio Solution File, Format Version 12.00
# Visual Studio 2013
VisualStudioVersion = 12.0.31101.0
MinimumVisualStudioVersion = 10.0.40219.1
Project("{FAE04EC0-301F-11D3-BF4B-00C04F79EFBC}") = "CIntN", "CIntN\CIntN.csproj", "{CF0CBFE2-9F3F-47FC-8477-41D676EED573}"
EndProject
Project("{FAE04EC0-301F-11D3-BF4B-00C04F79EFBC}") = "CIntNTest", "CIntNTest\CIntNTest.csproj", "{935CCF2E-CF7F-438B-B79A-97C1BDCA4581}"
EndProject
Global
	GlobalSection(SolutionConfigurationPlatforms) = preSolution
		Debug|Any CPU = Debug|Any CPU
		Debug|x64 = Debug|x64
		Debug|x86 = Debug|x86
		Release|Any CPU = Release|Any CPU
		Release|x64 = Release|x64
		Release|x86 = Release|x86
	EndGlobalSection
	GlobalSection(ProjectConfigurationPlatforms) = postSolution
		{CF0CBFE2-9F3F-47FC-8477-41D676EED573}.Debug|Any CPU.ActiveCfg = Debug|Any CPU
		{CF0CBFE2-9F3F-47FC-8477-41D676EED573}.Debug|Any CPU.Build.0 = Debug|Any CPU
		{CF0CBFE2-9F3F-47FC-8477-41D676EED573}.Debug|x64.ActiveCfg = Debug|x64
		{CF0CBFE2-9F3F-47FC-8477-41D676EED573}.Debug|x64.Build.0 = Debug|x64
		{CF0CBFE2-9F3F-47FC-8477-41D676EED573}.Debug|x86.ActiveCfg = Debug|x86
		{CF0CBFE2-9F3F-47FC-8477-41D676EED573}.Debug|x86.Build.0 = Debug|x86
		{CF0CBFE2-9F3F-47FC-8477-41D676EED573}.Release|Any CPU.ActiveCfg = Release|Any CPU
		{CF0CBFE2-9F3F-47FC-8477-41D676EED573}.Release|Any CPU.Build.0 = Release|Any CPU
		{CF0CBFE2-9F3F-47FC-8477-41D676EED573}.Release|x64.ActiveCfg = Release|x64
		{CF0CBFE2-9F3F-47FC-8477-41D676EED573}.Release|x64.Build.0 = Release|x64
		{CF0CBFE2-9F3F-47FC-8477-41D676EED573}.Release|x86.ActiveCfg = Release|x86
		{CF0CBFE2-9F3F-47FC-8477-41D676EED573}.Release|x86.Build.0 = Release|x86
		{935CCF2E-CF7F-438B-B79A-97C1BDCA4581}.Debug|Any CPU.ActiveCfg = Debug|Any CPU
		{935CCF2E-CF7F-438B-B79A-97C1BDCA4581}.Debug|Any CPU.Build.0 = Debug|Any CPU
		{935CCF2E-CF7F-438B-B79A-97C1BDCA4581}.Debug|x64.ActiveCfg = Debug|x64
		{935CCF2E-CF7F-438B-B79A-97C1BDCA4581}.Debug|x64.Build.0 = Debug|x64
		{935CCF2E-CF7F-438B-B79A-97C1BDCA4581}.Debug|x86.ActiveCfg = Debug|x86
		{935CCF2E-CF7F-438B-B79A-97C1BDCA4581}.Debug|x86.Build.0 = Debug|x86
		{935CCF2E-CF7F-438B-B79A-97C1BDCA4581}.Release|Any CPU.ActiveCfg = Release|Any CPU
		{935CCF2E-CF7F-438B-B79A-97C1BDCA4581}.Release|Any CPU.Build.0 = Release|Any CPU
		{935CCF2E-CF7F-438B-B79A-97C1BDCA4581}.Release|x64.ActiveCfg = Release|x64
		{935CCF2E-CF7F-438B-B79A-97C1BDCA4581}.Release|x64.Build.0 = Release|x64
		{935CCF2E-CF7F-438B-B79A-97C1BDCA4581}.Release|x86.ActiveCfg = Release|x86
		{935CCF2E-CF7F-438B-B79A-97C1BDCA4581}.Release|x86.Build.0 = Release|x86
	EndGlobalSection
	GlobalSection(SolutionProperties) = preSolution
		HideSolutionNode = FALSE
	EndGlobalSection
EndGlobal
